// !$*UTF8*$!
{
	archiveVersion = 1;
	classes = {
	};
	objectVersion = 56;
	objects = {

/* Begin PBXBuildFile section */
		760570632A1DB19200CB3E4F /* AppDelegate.swift in Sources */ = {isa = PBXBuildFile; fileRef = 760570622A1DB19200CB3E4F /* AppDelegate.swift */; };
		760570652A1DB19200CB3E4F /* SceneDelegate.swift in Sources */ = {isa = PBXBuildFile; fileRef = 760570642A1DB19200CB3E4F /* SceneDelegate.swift */; };
		760570672A1DB19200CB3E4F /* ClothesViewController.swift in Sources */ = {isa = PBXBuildFile; fileRef = 760570662A1DB19200CB3E4F /* ClothesViewController.swift */; };
		7605706C2A1DB19400CB3E4F /* Assets.xcassets in Resources */ = {isa = PBXBuildFile; fileRef = 7605706B2A1DB19400CB3E4F /* Assets.xcassets */; };
		7605706F2A1DB19400CB3E4F /* LaunchScreen.storyboard in Resources */ = {isa = PBXBuildFile; fileRef = 7605706D2A1DB19400CB3E4F /* LaunchScreen.storyboard */; };
		760570772A1DD06E00CB3E4F /* HomeViewController.swift in Sources */ = {isa = PBXBuildFile; fileRef = 760570762A1DD06E00CB3E4F /* HomeViewController.swift */; };
		760570792A1DD08100CB3E4F /* StyleViewController.swift in Sources */ = {isa = PBXBuildFile; fileRef = 760570782A1DD08100CB3E4F /* StyleViewController.swift */; };
		762E46E52A248A200093A976 /* ClothesCollectionViewCell.swift in Sources */ = {isa = PBXBuildFile; fileRef = 762E46E42A248A200093A976 /* ClothesCollectionViewCell.swift */; };
		762E46E72A248A8D0093A976 /* SectionHeaderReusableView.swift in Sources */ = {isa = PBXBuildFile; fileRef = 762E46E62A248A8D0093A976 /* SectionHeaderReusableView.swift */; };
		762E46EA2A248CB00093A976 /* Kingfisher in Frameworks */ = {isa = PBXBuildFile; productRef = 762E46E92A248CB00093A976 /* Kingfisher */; };
		762E46EC2A2498220093A976 /* UIView+IBInspectable.swift in Sources */ = {isa = PBXBuildFile; fileRef = 762E46EB2A2498220093A976 /* UIView+IBInspectable.swift */; };
		767CCCF42A24AB2200C2C6B0 /* FirstCollectionViewCell.swift in Sources */ = {isa = PBXBuildFile; fileRef = 767CCCF32A24AB2200C2C6B0 /* FirstCollectionViewCell.swift */; };
		768232D02A258F54008ABB64 /* Section.swift in Sources */ = {isa = PBXBuildFile; fileRef = 768232CF2A258F54008ABB64 /* Section.swift */; };
		76DCF9E12A25BF39003E5918 /* StyleCollectionViewCell.swift in Sources */ = {isa = PBXBuildFile; fileRef = 76DCF9E02A25BF39003E5918 /* StyleCollectionViewCell.swift */; };
		76F0DDF02A1EFAE4001985F7 /* Clothes.swift in Sources */ = {isa = PBXBuildFile; fileRef = 76F0DDEF2A1EFAE4001985F7 /* Clothes.swift */; };
/* End PBXBuildFile section */

/* Begin PBXFileReference section */
		7605705F2A1DB19200CB3E4F /* ios-closet-app.app */ = {isa = PBXFileReference; explicitFileType = wrapper.application; includeInIndex = 0; path = "ios-closet-app.app"; sourceTree = BUILT_PRODUCTS_DIR; };
		760570622A1DB19200CB3E4F /* AppDelegate.swift */ = {isa = PBXFileReference; lastKnownFileType = sourcecode.swift; path = AppDelegate.swift; sourceTree = "<group>"; };
		760570642A1DB19200CB3E4F /* SceneDelegate.swift */ = {isa = PBXFileReference; lastKnownFileType = sourcecode.swift; path = SceneDelegate.swift; sourceTree = "<group>"; };
		760570662A1DB19200CB3E4F /* ClothesViewController.swift */ = {isa = PBXFileReference; lastKnownFileType = sourcecode.swift; path = ClothesViewController.swift; sourceTree = "<group>"; };
		7605706B2A1DB19400CB3E4F /* Assets.xcassets */ = {isa = PBXFileReference; lastKnownFileType = folder.assetcatalog; path = Assets.xcassets; sourceTree = "<group>"; };
		7605706E2A1DB19400CB3E4F /* Base */ = {isa = PBXFileReference; lastKnownFileType = file.storyboard; name = Base; path = Base.lproj/LaunchScreen.storyboard; sourceTree = "<group>"; };
		760570702A1DB19400CB3E4F /* Info.plist */ = {isa = PBXFileReference; lastKnownFileType = text.plist.xml; path = Info.plist; sourceTree = "<group>"; };
		760570762A1DD06E00CB3E4F /* HomeViewController.swift */ = {isa = PBXFileReference; lastKnownFileType = sourcecode.swift; path = HomeViewController.swift; sourceTree = "<group>"; };
		760570782A1DD08100CB3E4F /* StyleViewController.swift */ = {isa = PBXFileReference; lastKnownFileType = sourcecode.swift; path = StyleViewController.swift; sourceTree = "<group>"; };
		762E46E42A248A200093A976 /* ClothesCollectionViewCell.swift */ = {isa = PBXFileReference; lastKnownFileType = sourcecode.swift; path = ClothesCollectionViewCell.swift; sourceTree = "<group>"; };
		762E46E62A248A8D0093A976 /* SectionHeaderReusableView.swift */ = {isa = PBXFileReference; lastKnownFileType = sourcecode.swift; path = SectionHeaderReusableView.swift; sourceTree = "<group>"; };
		762E46EB2A2498220093A976 /* UIView+IBInspectable.swift */ = {isa = PBXFileReference; lastKnownFileType = sourcecode.swift; path = "UIView+IBInspectable.swift"; sourceTree = "<group>"; };
		767CCCF32A24AB2200C2C6B0 /* FirstCollectionViewCell.swift */ = {isa = PBXFileReference; lastKnownFileType = sourcecode.swift; path = FirstCollectionViewCell.swift; sourceTree = "<group>"; };
		768232CF2A258F54008ABB64 /* Section.swift */ = {isa = PBXFileReference; lastKnownFileType = sourcecode.swift; path = Section.swift; sourceTree = "<group>"; };
		76DCF9E02A25BF39003E5918 /* StyleCollectionViewCell.swift */ = {isa = PBXFileReference; lastKnownFileType = sourcecode.swift; path = StyleCollectionViewCell.swift; sourceTree = "<group>"; };
		76F0DDEF2A1EFAE4001985F7 /* Clothes.swift */ = {isa = PBXFileReference; lastKnownFileType = sourcecode.swift; path = Clothes.swift; sourceTree = "<group>"; };
/* End PBXFileReference section */

/* Begin PBXFrameworksBuildPhase section */
		7605705C2A1DB19200CB3E4F /* Frameworks */ = {
			isa = PBXFrameworksBuildPhase;
			buildActionMask = 2147483647;
			files = (
				762E46EA2A248CB00093A976 /* Kingfisher in Frameworks */,
			);
			runOnlyForDeploymentPostprocessing = 0;
		};
/* End PBXFrameworksBuildPhase section */

/* Begin PBXGroup section */
		760570562A1DB19200CB3E4F = {
			isa = PBXGroup;
			children = (
				760570612A1DB19200CB3E4F /* ios-closet-app */,
				760570602A1DB19200CB3E4F /* Products */,
			);
			sourceTree = "<group>";
		};
		760570602A1DB19200CB3E4F /* Products */ = {
			isa = PBXGroup;
			children = (
				7605705F2A1DB19200CB3E4F /* ios-closet-app.app */,
			);
			name = Products;
			sourceTree = "<group>";
		};
		760570612A1DB19200CB3E4F /* ios-closet-app */ = {
			isa = PBXGroup;
			children = (
				76F0DDF12A1F1CBF001985F7 /* Model */,
				769E63FB2A234DDD006759A3 /* Clothes */,
				769E63FC2A234E09006759A3 /* Home */,
				769E64012A234E49006759A3 /* Style */,
				7605706B2A1DB19400CB3E4F /* Assets.xcassets */,
				7605706D2A1DB19400CB3E4F /* LaunchScreen.storyboard */,
				760570622A1DB19200CB3E4F /* AppDelegate.swift */,
				760570642A1DB19200CB3E4F /* SceneDelegate.swift */,
				762E46EB2A2498220093A976 /* UIView+IBInspectable.swift */,
				760570702A1DB19400CB3E4F /* Info.plist */,
			);
			path = "ios-closet-app";
			sourceTree = "<group>";
		};
		76854B222A25AC5800C61E3F /* Controller */ = {
			isa = PBXGroup;
			children = (
				760570662A1DB19200CB3E4F /* ClothesViewController.swift */,
			);
			path = Controller;
			sourceTree = "<group>";
		};
		76854B232A25AC6500C61E3F /* Controller */ = {
			isa = PBXGroup;
			children = (
				760570762A1DD06E00CB3E4F /* HomeViewController.swift */,
			);
			path = Controller;
			sourceTree = "<group>";
		};
		76854B242A25AC6E00C61E3F /* Controller */ = {
			isa = PBXGroup;
			children = (
				760570782A1DD08100CB3E4F /* StyleViewController.swift */,
			);
			path = Controller;
			sourceTree = "<group>";
		};
		769E63FB2A234DDD006759A3 /* Clothes */ = {
			isa = PBXGroup;
			children = (
				76854B222A25AC5800C61E3F /* Controller */,
				76F0DDF22A1F1CC7001985F7 /* View */,
			);
			path = Clothes;
			sourceTree = "<group>";
		};
		769E63FC2A234E09006759A3 /* Home */ = {
			isa = PBXGroup;
			children = (
				76854B232A25AC6500C61E3F /* Controller */,
				769E63FD2A234E1E006759A3 /* View */,
			);
			path = Home;
			sourceTree = "<group>";
		};
		769E63FD2A234E1E006759A3 /* View */ = {
			isa = PBXGroup;
			children = (
			);
			path = View;
			sourceTree = "<group>";
		};
		769E64012A234E49006759A3 /* Style */ = {
			isa = PBXGroup;
			children = (
				76854B242A25AC6E00C61E3F /* Controller */,
				769E64022A234E61006759A3 /* View */,
			);
			path = Style;
			sourceTree = "<group>";
		};
		769E64022A234E61006759A3 /* View */ = {
			isa = PBXGroup;
			children = (
				76DCF9E02A25BF39003E5918 /* StyleCollectionViewCell.swift */,
			);
			path = View;
			sourceTree = "<group>";
		};
		76F0DDF12A1F1CBF001985F7 /* Model */ = {
			isa = PBXGroup;
			children = (
				76F0DDEF2A1EFAE4001985F7 /* Clothes.swift */,
				768232CF2A258F54008ABB64 /* Section.swift */,
			);
			path = Model;
			sourceTree = "<group>";
		};
		76F0DDF22A1F1CC7001985F7 /* View */ = {
			isa = PBXGroup;
			children = (
				762E46E42A248A200093A976 /* ClothesCollectionViewCell.swift */,
				767CCCF32A24AB2200C2C6B0 /* FirstCollectionViewCell.swift */,
				762E46E62A248A8D0093A976 /* SectionHeaderReusableView.swift */,
			);
			path = View;
			sourceTree = "<group>";
		};
/* End PBXGroup section */

/* Begin PBXNativeTarget section */
		7605705E2A1DB19200CB3E4F /* ios-closet-app */ = {
			isa = PBXNativeTarget;
			buildConfigurationList = 760570732A1DB19400CB3E4F /* Build configuration list for PBXNativeTarget "ios-closet-app" */;
			buildPhases = (
				7605705B2A1DB19200CB3E4F /* Sources */,
				7605705C2A1DB19200CB3E4F /* Frameworks */,
				7605705D2A1DB19200CB3E4F /* Resources */,
			);
			buildRules = (
			);
			dependencies = (
			);
			name = "ios-closet-app";
			packageProductDependencies = (
				762E46E92A248CB00093A976 /* Kingfisher */,
			);
			productName = "ios-closet-app";
			productReference = 7605705F2A1DB19200CB3E4F /* ios-closet-app.app */;
			productType = "com.apple.product-type.application";
		};
/* End PBXNativeTarget section */

/* Begin PBXProject section */
		760570572A1DB19200CB3E4F /* Project object */ = {
			isa = PBXProject;
			attributes = {
				BuildIndependentTargetsInParallel = 1;
				LastSwiftUpdateCheck = 1420;
				LastUpgradeCheck = 1420;
				TargetAttributes = {
					7605705E2A1DB19200CB3E4F = {
						CreatedOnToolsVersion = 14.2;
					};
				};
			};
			buildConfigurationList = 7605705A2A1DB19200CB3E4F /* Build configuration list for PBXProject "ios-closet-app" */;
			compatibilityVersion = "Xcode 14.0";
			developmentRegion = en;
			hasScannedForEncodings = 0;
			knownRegions = (
				en,
				Base,
			);
			mainGroup = 760570562A1DB19200CB3E4F;
			packageReferences = (
				762E46E82A248CB00093A976 /* XCRemoteSwiftPackageReference "Kingfisher" */,
			);
			productRefGroup = 760570602A1DB19200CB3E4F /* Products */;
			projectDirPath = "";
			projectRoot = "";
			targets = (
				7605705E2A1DB19200CB3E4F /* ios-closet-app */,
			);
		};
/* End PBXProject section */

/* Begin PBXResourcesBuildPhase section */
		7605705D2A1DB19200CB3E4F /* Resources */ = {
			isa = PBXResourcesBuildPhase;
			buildActionMask = 2147483647;
			files = (
				7605706F2A1DB19400CB3E4F /* LaunchScreen.storyboard in Resources */,
				7605706C2A1DB19400CB3E4F /* Assets.xcassets in Resources */,
			);
			runOnlyForDeploymentPostprocessing = 0;
		};
/* End PBXResourcesBuildPhase section */

/* Begin PBXSourcesBuildPhase section */
		7605705B2A1DB19200CB3E4F /* Sources */ = {
			isa = PBXSourcesBuildPhase;
			buildActionMask = 2147483647;
			files = (
				76F0DDF02A1EFAE4001985F7 /* Clothes.swift in Sources */,
				762E46E72A248A8D0093A976 /* SectionHeaderReusableView.swift in Sources */,
				767CCCF42A24AB2200C2C6B0 /* FirstCollectionViewCell.swift in Sources */,
				762E46EC2A2498220093A976 /* UIView+IBInspectable.swift in Sources */,
				76DCF9E12A25BF39003E5918 /* StyleCollectionViewCell.swift in Sources */,
				760570672A1DB19200CB3E4F /* ClothesViewController.swift in Sources */,
				760570632A1DB19200CB3E4F /* AppDelegate.swift in Sources */,
				762E46E52A248A200093A976 /* ClothesCollectionViewCell.swift in Sources */,
				760570792A1DD08100CB3E4F /* StyleViewController.swift in Sources */,
				768232D02A258F54008ABB64 /* Section.swift in Sources */,
				760570652A1DB19200CB3E4F /* SceneDelegate.swift in Sources */,
				760570772A1DD06E00CB3E4F /* HomeViewController.swift in Sources */,
			);
			runOnlyForDeploymentPostprocessing = 0;
		};
/* End PBXSourcesBuildPhase section */

/* Begin PBXVariantGroup section */
		7605706D2A1DB19400CB3E4F /* LaunchScreen.storyboard */ = {
			isa = PBXVariantGroup;
			children = (
				7605706E2A1DB19400CB3E4F /* Base */,
			);
			name = LaunchScreen.storyboard;
			sourceTree = "<group>";
		};
/* End PBXVariantGroup section */

/* Begin XCBuildConfiguration section */
		760570712A1DB19400CB3E4F /* Debug */ = {
			isa = XCBuildConfiguration;
			buildSettings = {
				ALWAYS_SEARCH_USER_PATHS = NO;
				CLANG_ANALYZER_NONNULL = YES;
				CLANG_ANALYZER_NUMBER_OBJECT_CONVERSION = YES_AGGRESSIVE;
				CLANG_CXX_LANGUAGE_STANDARD = "gnu++20";
				CLANG_ENABLE_MODULES = YES;
				CLANG_ENABLE_OBJC_ARC = YES;
				CLANG_ENABLE_OBJC_WEAK = YES;
				CLANG_WARN_BLOCK_CAPTURE_AUTORELEASING = YES;
				CLANG_WARN_BOOL_CONVERSION = YES;
				CLANG_WARN_COMMA = YES;
				CLANG_WARN_CONSTANT_CONVERSION = YES;
				CLANG_WARN_DEPRECATED_OBJC_IMPLEMENTATIONS = YES;
				CLANG_WARN_DIRECT_OBJC_ISA_USAGE = YES_ERROR;
				CLANG_WARN_DOCUMENTATION_COMMENTS = YES;
				CLANG_WARN_EMPTY_BODY = YES;
				CLANG_WARN_ENUM_CONVERSION = YES;
				CLANG_WARN_INFINITE_RECURSION = YES;
				CLANG_WARN_INT_CONVERSION = YES;
				CLANG_WARN_NON_LITERAL_NULL_CONVERSION = YES;
				CLANG_WARN_OBJC_IMPLICIT_RETAIN_SELF = YES;
				CLANG_WARN_OBJC_LITERAL_CONVERSION = YES;
				CLANG_WARN_OBJC_ROOT_CLASS = YES_ERROR;
				CLANG_WARN_QUOTED_INCLUDE_IN_FRAMEWORK_HEADER = YES;
				CLANG_WARN_RANGE_LOOP_ANALYSIS = YES;
				CLANG_WARN_STRICT_PROTOTYPES = YES;
				CLANG_WARN_SUSPICIOUS_MOVE = YES;
				CLANG_WARN_UNGUARDED_AVAILABILITY = YES_AGGRESSIVE;
				CLANG_WARN_UNREACHABLE_CODE = YES;
				CLANG_WARN__DUPLICATE_METHOD_MATCH = YES;
				COPY_PHASE_STRIP = NO;
				DEBUG_INFORMATION_FORMAT = dwarf;
				ENABLE_STRICT_OBJC_MSGSEND = YES;
				ENABLE_TESTABILITY = YES;
				GCC_C_LANGUAGE_STANDARD = gnu11;
				GCC_DYNAMIC_NO_PIC = NO;
				GCC_NO_COMMON_BLOCKS = YES;
				GCC_OPTIMIZATION_LEVEL = 0;
				GCC_PREPROCESSOR_DEFINITIONS = (
					"DEBUG=1",
					"$(inherited)",
				);
				GCC_WARN_64_TO_32_BIT_CONVERSION = YES;
				GCC_WARN_ABOUT_RETURN_TYPE = YES_ERROR;
				GCC_WARN_UNDECLARED_SELECTOR = YES;
				GCC_WARN_UNINITIALIZED_AUTOS = YES_AGGRESSIVE;
				GCC_WARN_UNUSED_FUNCTION = YES;
				GCC_WARN_UNUSED_VARIABLE = YES;
				IPHONEOS_DEPLOYMENT_TARGET = 16.2;
				MTL_ENABLE_DEBUG_INFO = INCLUDE_SOURCE;
				MTL_FAST_MATH = YES;
				ONLY_ACTIVE_ARCH = YES;
				SDKROOT = iphoneos;
				SWIFT_ACTIVE_COMPILATION_CONDITIONS = DEBUG;
				SWIFT_OPTIMIZATION_LEVEL = "-Onone";
			};
			name = Debug;
		};
		760570722A1DB19400CB3E4F /* Release */ = {
			isa = XCBuildConfiguration;
			buildSettings = {
				ALWAYS_SEARCH_USER_PATHS = NO;
				CLANG_ANALYZER_NONNULL = YES;
				CLANG_ANALYZER_NUMBER_OBJECT_CONVERSION = YES_AGGRESSIVE;
				CLANG_CXX_LANGUAGE_STANDARD = "gnu++20";
				CLANG_ENABLE_MODULES = YES;
				CLANG_ENABLE_OBJC_ARC = YES;
				CLANG_ENABLE_OBJC_WEAK = YES;
				CLANG_WARN_BLOCK_CAPTURE_AUTORELEASING = YES;
				CLANG_WARN_BOOL_CONVERSION = YES;
				CLANG_WARN_COMMA = YES;
				CLANG_WARN_CONSTANT_CONVERSION = YES;
				CLANG_WARN_DEPRECATED_OBJC_IMPLEMENTATIONS = YES;
				CLANG_WARN_DIRECT_OBJC_ISA_USAGE = YES_ERROR;
				CLANG_WARN_DOCUMENTATION_COMMENTS = YES;
				CLANG_WARN_EMPTY_BODY = YES;
				CLANG_WARN_ENUM_CONVERSION = YES;
				CLANG_WARN_INFINITE_RECURSION = YES;
				CLANG_WARN_INT_CONVERSION = YES;
				CLANG_WARN_NON_LITERAL_NULL_CONVERSION = YES;
				CLANG_WARN_OBJC_IMPLICIT_RETAIN_SELF = YES;
				CLANG_WARN_OBJC_LITERAL_CONVERSION = YES;
				CLANG_WARN_OBJC_ROOT_CLASS = YES_ERROR;
				CLANG_WARN_QUOTED_INCLUDE_IN_FRAMEWORK_HEADER = YES;
				CLANG_WARN_RANGE_LOOP_ANALYSIS = YES;
				CLANG_WARN_STRICT_PROTOTYPES = YES;
				CLANG_WARN_SUSPICIOUS_MOVE = YES;
				CLANG_WARN_UNGUARDED_AVAILABILITY = YES_AGGRESSIVE;
				CLANG_WARN_UNREACHABLE_CODE = YES;
				CLANG_WARN__DUPLICATE_METHOD_MATCH = YES;
				COPY_PHASE_STRIP = NO;
				DEBUG_INFORMATION_FORMAT = "dwarf-with-dsym";
				ENABLE_NS_ASSERTIONS = NO;
				ENABLE_STRICT_OBJC_MSGSEND = YES;
				GCC_C_LANGUAGE_STANDARD = gnu11;
				GCC_NO_COMMON_BLOCKS = YES;
				GCC_WARN_64_TO_32_BIT_CONVERSION = YES;
				GCC_WARN_ABOUT_RETURN_TYPE = YES_ERROR;
				GCC_WARN_UNDECLARED_SELECTOR = YES;
				GCC_WARN_UNINITIALIZED_AUTOS = YES_AGGRESSIVE;
				GCC_WARN_UNUSED_FUNCTION = YES;
				GCC_WARN_UNUSED_VARIABLE = YES;
				IPHONEOS_DEPLOYMENT_TARGET = 16.2;
				MTL_ENABLE_DEBUG_INFO = NO;
				MTL_FAST_MATH = YES;
				SDKROOT = iphoneos;
				SWIFT_COMPILATION_MODE = wholemodule;
				SWIFT_OPTIMIZATION_LEVEL = "-O";
				VALIDATE_PRODUCT = YES;
			};
			name = Release;
		};
		760570742A1DB19400CB3E4F /* Debug */ = {
			isa = XCBuildConfiguration;
			buildSettings = {
				ASSETCATALOG_COMPILER_APPICON_NAME = AppIcon;
				ASSETCATALOG_COMPILER_GLOBAL_ACCENT_COLOR_NAME = AccentColor;
				CODE_SIGN_STYLE = Automatic;
				CURRENT_PROJECT_VERSION = 1;
				DEVELOPMENT_TEAM = A9AQ72K5MY;
				GENERATE_INFOPLIST_FILE = YES;
				INFOPLIST_FILE = "ios-closet-app/Info.plist";
				INFOPLIST_KEY_UIApplicationSupportsIndirectInputEvents = YES;
				INFOPLIST_KEY_UILaunchStoryboardName = LaunchScreen;
				INFOPLIST_KEY_UIMainStoryboardFile = "";
				INFOPLIST_KEY_UISupportedInterfaceOrientations = UIInterfaceOrientationPortrait;
				INFOPLIST_KEY_UISupportedInterfaceOrientations_iPad = "UIInterfaceOrientationLandscapeLeft UIInterfaceOrientationLandscapeRight UIInterfaceOrientationPortrait UIInterfaceOrientationPortraitUpsideDown";
				IPHONEOS_DEPLOYMENT_TARGET = 14.0;
				LD_RUNPATH_SEARCH_PATHS = (
					"$(inherited)",
					"@executable_path/Frameworks",
				);
				MARKETING_VERSION = 1.0;
				PRODUCT_BUNDLE_IDENTIFIER = "com.iyeah.ios-closet-app";
				PRODUCT_NAME = "$(TARGET_NAME)";
				SUPPORTED_PLATFORMS = "iphoneos iphonesimulator";
				SUPPORTS_MACCATALYST = NO;
				SUPPORTS_MAC_DESIGNED_FOR_IPHONE_IPAD = NO;
				SWIFT_EMIT_LOC_STRINGS = YES;
				SWIFT_VERSION = 5.0;
				TARGETED_DEVICE_FAMILY = 1;
			};
			name = Debug;
		};
		760570752A1DB19400CB3E4F /* Release */ = {
			isa = XCBuildConfiguration;
			buildSettings = {
				ASSETCATALOG_COMPILER_APPICON_NAME = AppIcon;
				ASSETCATALOG_COMPILER_GLOBAL_ACCENT_COLOR_NAME = AccentColor;
				CODE_SIGN_STYLE = Automatic;
				CURRENT_PROJECT_VERSION = 1;
				DEVELOPMENT_TEAM = A9AQ72K5MY;
				GENERATE_INFOPLIST_FILE = YES;
				INFOPLIST_FILE = "ios-closet-app/Info.plist";
				INFOPLIST_KEY_UIApplicationSupportsIndirectInputEvents = YES;
				INFOPLIST_KEY_UILaunchStoryboardName = LaunchScreen;
				INFOPLIST_KEY_UIMainStoryboardFile = "";
				INFOPLIST_KEY_UISupportedInterfaceOrientations = UIInterfaceOrientationPortrait;
				INFOPLIST_KEY_UISupportedInterfaceOrientations_iPad = "UIInterfaceOrientationLandscapeLeft UIInterfaceOrientationLandscapeRight UIInterfaceOrientationPortrait UIInterfaceOrientationPortraitUpsideDown";
				IPHONEOS_DEPLOYMENT_TARGET = 14.0;
				LD_RUNPATH_SEARCH_PATHS = (
					"$(inherited)",
					"@executable_path/Frameworks",
				);
				MARKETING_VERSION = 1.0;
				PRODUCT_BUNDLE_IDENTIFIER = "com.iyeah.ios-closet-app";
				PRODUCT_NAME = "$(TARGET_NAME)";
				SUPPORTED_PLATFORMS = "iphoneos iphonesimulator";
				SUPPORTS_MACCATALYST = NO;
				SUPPORTS_MAC_DESIGNED_FOR_IPHONE_IPAD = NO;
				SWIFT_EMIT_LOC_STRINGS = YES;
				SWIFT_VERSION = 5.0;
				TARGETED_DEVICE_FAMILY = 1;
			};
			name = Release;
		};
/* End XCBuildConfiguration section */

/* Begin XCConfigurationList section */
		7605705A2A1DB19200CB3E4F /* Build configuration list for PBXProject "ios-closet-app" */ = {
			isa = XCConfigurationList;
			buildConfigurations = (
				760570712A1DB19400CB3E4F /* Debug */,
				760570722A1DB19400CB3E4F /* Release */,
			);
			defaultConfigurationIsVisible = 0;
			defaultConfigurationName = Release;
		};
		760570732A1DB19400CB3E4F /* Build configuration list for PBXNativeTarget "ios-closet-app" */ = {
			isa = XCConfigurationList;
			buildConfigurations = (
				760570742A1DB19400CB3E4F /* Debug */,
				760570752A1DB19400CB3E4F /* Release */,
			);
			defaultConfigurationIsVisible = 0;
			defaultConfigurationName = Release;
		};
/* End XCConfigurationList section */

/* Begin XCRemoteSwiftPackageReference section */
		762E46E82A248CB00093A976 /* XCRemoteSwiftPackageReference "Kingfisher" */ = {
			isa = XCRemoteSwiftPackageReference;
			repositoryURL = "https://github.com/onevcat/Kingfisher.git";
			requirement = {
				kind = upToNextMajorVersion;
				minimumVersion = 7.0.0;
			};
		};
/* End XCRemoteSwiftPackageReference section */

/* Begin XCSwiftPackageProductDependency section */
		762E46E92A248CB00093A976 /* Kingfisher */ = {
			isa = XCSwiftPackageProductDependency;
			package = 762E46E82A248CB00093A976 /* XCRemoteSwiftPackageReference "Kingfisher" */;
			productName = Kingfisher;
		};
/* End XCSwiftPackageProductDependency section */
	};
	rootObject = 760570572A1DB19200CB3E4F /* Project object */;
}
